
Microsoft Visual Studio Solution File, Format Version 12.00
# Visual Studio 15
VisualStudioVersion = 15.0.28010.2003
MinimumVisualStudioVersion = 10.0.40219.1
Project("{FAE04EC0-301F-11D3-BF4B-00C04F79EFBC}") = "hummaohjelma", "hummaohjelma\hummaohjelma.csproj", "{97806412-FA25-4FC5-ADEA-D6B8BB4D924D}"
EndProject
Global
	GlobalSection(SolutionConfigurationPlatforms) = preSolution
		Debug|Any CPU = Debug|Any CPU
		Release|Any CPU = Release|Any CPU
	EndGlobalSection
	GlobalSection(ProjectConfigurationPlatforms) = postSolution
		{97806412-FA25-4FC5-ADEA-D6B8BB4D924D}.Debug|Any CPU.ActiveCfg = Debug|Any CPU
		{97806412-FA25-4FC5-ADEA-D6B8BB4D924D}.Debug|Any CPU.Build.0 = Debug|Any CPU
		{97806412-FA25-4FC5-ADEA-D6B8BB4D924D}.Release|Any CPU.ActiveCfg = Release|Any CPU
		{97806412-FA25-4FC5-ADEA-D6B8BB4D924D}.Release|Any CPU.Build.0 = Release|Any CPU
	EndGlobalSection
	GlobalSection(SolutionProperties) = preSolution
		HideSolutionNode = FALSE
	EndGlobalSection
	GlobalSection(ExtensibilityGlobals) = postSolution
		SolutionGuid = {CE1E5F46-1F26-49C0-849A-808B8AA64DE4}
	EndGlobalSection
EndGlobal
